{
  "nodes": {
    "nix-cadquery": {
      "inputs": {
        "nixpkgs": [
          "nixpkgs"
        ]
      },
      "locked": {
        "path": "../..",
        "type": "path"
      },
      "original": {
        "path": "../..",
        "type": "path"
      },
      "parent": []
    },
    "nixpkgs": {
      "locked": {
        "lastModified": 1776544041,
        "narHash": "sha256-ryzOZLvuS/4ZbYJzR8+wYZpyG/Ssp6BAe6oTQ8ttAqU=",
        "owner": "nixos",
        "repo": "nixpkgs",
        "rev": "f731538cdf1410a3c53d3a75a6a1142afc08e3af",
        "type": "github"
      },
      "original": {
        "owner": "nixos",
        "repo": "nixpkgs",
        "type": "github"
      }
    },
    "root": {
      "inputs": {
        "nix-cadquery": "nix-cadquery",
        "nixpkgs": "nixpkgs"
      }
    }
  },
  "root": "root",
  "version": 7
}
