{
  "nodes": {
    "nixpkgs": {
      "locked": {
        "lastModified": 1774898803,
        "narHash": "sha256-MA0umuczbG/L7Bhv2XjKbHp0Zf0pYKe0zK2XjVlSd+c=",
        "owner": "nixos",
        "repo": "nixpkgs",
        "rev": "5184a497e3236238864056f9cf30e4a50d05baee",
        "type": "github"
      },
      "original": {
        "owner": "nixos",
        "repo": "nixpkgs",
        "type": "github"
      }
    },
    "root": {
      "inputs": {
        "nixpkgs": "nixpkgs"
      }
    }
  },
  "root": "root",
  "version": 7
}
